
Microsoft Visual Studio Solution File, Format Version 12.00
# Visual Studio Version 16
VisualStudioVersion = 16.0.30406.217
MinimumVisualStudioVersion = 10.0.40219.1
Project("{FAE04EC0-301F-11D3-BF4B-00C04F79EFBC}") = "KinoUI", "KinoUI\KinoUI.csproj", "{56130080-5A8B-4236-B373-A6941E2C6C5F}"
EndProject
Project("{FAE04EC0-301F-11D3-BF4B-00C04F79EFBC}") = "KinoDataLibrary", "KinoDataLibrary\KinoDataLibrary.csproj", "{4D3C0E39-5A48-46D0-A2D7-79C309E766A9}"
EndProject
Project("{FAE04EC0-301F-11D3-BF4B-00C04F79EFBC}") = "InWebBrowser", "InWebBrowser\InWebBrowser.csproj", "{65003A70-DEA3-4847-B053-3731D470DB72}"
EndProject
Project("{FAE04EC0-301F-11D3-BF4B-00C04F79EFBC}") = "WebBrowserLib", "WebBrowserLib\WebBrowserLib.csproj", "{DF46C56B-E3A3-4B3E-AD7C-7A4727C88A4A}"
EndProject
Project("{FAE04EC0-301F-11D3-BF4B-00C04F79EFBC}") = "ReportsClassLib", "ReportsClassLib\ReportsClassLib.csproj", "{AEDE3B49-1F0C-4DE4-9024-CE33F06A6838}"
EndProject
Global
	GlobalSection(SolutionConfigurationPlatforms) = preSolution
		CD_ROM|Any CPU = CD_ROM|Any CPU
		CD_ROM|x64 = CD_ROM|x64
		Debug|Any CPU = Debug|Any CPU
		Debug|x64 = Debug|x64
		DVD-5|Any CPU = DVD-5|Any CPU
		DVD-5|x64 = DVD-5|x64
		Release|Any CPU = Release|Any CPU
		Release|x64 = Release|x64
		SingleImage|Any CPU = SingleImage|Any CPU
		SingleImage|x64 = SingleImage|x64
	EndGlobalSection
	GlobalSection(ProjectConfigurationPlatforms) = postSolution
		{56130080-5A8B-4236-B373-A6941E2C6C5F}.CD_ROM|Any CPU.ActiveCfg = Release|Any CPU
		{56130080-5A8B-4236-B373-A6941E2C6C5F}.CD_ROM|Any CPU.Build.0 = Release|Any CPU
		{56130080-5A8B-4236-B373-A6941E2C6C5F}.CD_ROM|x64.ActiveCfg = Debug|Any CPU
		{56130080-5A8B-4236-B373-A6941E2C6C5F}.CD_ROM|x64.Build.0 = Debug|Any CPU
		{56130080-5A8B-4236-B373-A6941E2C6C5F}.Debug|Any CPU.ActiveCfg = Debug|Any CPU
		{56130080-5A8B-4236-B373-A6941E2C6C5F}.Debug|Any CPU.Build.0 = Debug|Any CPU
		{56130080-5A8B-4236-B373-A6941E2C6C5F}.Debug|x64.ActiveCfg = Debug|x64
		{56130080-5A8B-4236-B373-A6941E2C6C5F}.Debug|x64.Build.0 = Debug|x64
		{56130080-5A8B-4236-B373-A6941E2C6C5F}.DVD-5|Any CPU.ActiveCfg = Debug|Any CPU
		{56130080-5A8B-4236-B373-A6941E2C6C5F}.DVD-5|Any CPU.Build.0 = Debug|Any CPU
		{56130080-5A8B-4236-B373-A6941E2C6C5F}.DVD-5|x64.ActiveCfg = Debug|Any CPU
		{56130080-5A8B-4236-B373-A6941E2C6C5F}.DVD-5|x64.Build.0 = Debug|Any CPU
		{56130080-5A8B-4236-B373-A6941E2C6C5F}.Release|Any CPU.ActiveCfg = Release|Any CPU
		{56130080-5A8B-4236-B373-A6941E2C6C5F}.Release|Any CPU.Build.0 = Release|Any CPU
		{56130080-5A8B-4236-B373-A6941E2C6C5F}.Release|x64.ActiveCfg = Release|x64
		{56130080-5A8B-4236-B373-A6941E2C6C5F}.Release|x64.Build.0 = Release|x64
		{56130080-5A8B-4236-B373-A6941E2C6C5F}.SingleImage|Any CPU.ActiveCfg = Release|Any CPU
		{56130080-5A8B-4236-B373-A6941E2C6C5F}.SingleImage|Any CPU.Build.0 = Release|Any CPU
		{56130080-5A8B-4236-B373-A6941E2C6C5F}.SingleImage|x64.ActiveCfg = Debug|Any CPU
		{56130080-5A8B-4236-B373-A6941E2C6C5F}.SingleImage|x64.Build.0 = Debug|Any CPU
		{4D3C0E39-5A48-46D0-A2D7-79C309E766A9}.CD_ROM|Any CPU.ActiveCfg = Release|Any CPU
		{4D3C0E39-5A48-46D0-A2D7-79C309E766A9}.CD_ROM|Any CPU.Build.0 = Release|Any CPU
		{4D3C0E39-5A48-46D0-A2D7-79C309E766A9}.CD_ROM|x64.ActiveCfg = Debug|Any CPU
		{4D3C0E39-5A48-46D0-A2D7-79C309E766A9}.CD_ROM|x64.Build.0 = Debug|Any CPU
		{4D3C0E39-5A48-46D0-A2D7-79C309E766A9}.Debug|Any CPU.ActiveCfg = Debug|Any CPU
		{4D3C0E39-5A48-46D0-A2D7-79C309E766A9}.Debug|Any CPU.Build.0 = Debug|Any CPU
		{4D3C0E39-5A48-46D0-A2D7-79C309E766A9}.Debug|x64.ActiveCfg = Debug|x64
		{4D3C0E39-5A48-46D0-A2D7-79C309E766A9}.Debug|x64.Build.0 = Debug|x64
		{4D3C0E39-5A48-46D0-A2D7-79C309E766A9}.DVD-5|Any CPU.ActiveCfg = Debug|Any CPU
		{4D3C0E39-5A48-46D0-A2D7-79C309E766A9}.DVD-5|Any CPU.Build.0 = Debug|Any CPU
		{4D3C0E39-5A48-46D0-A2D7-79C309E766A9}.DVD-5|x64.ActiveCfg = Debug|Any CPU
		{4D3C0E39-5A48-46D0-A2D7-79C309E766A9}.DVD-5|x64.Build.0 = Debug|Any CPU
		{4D3C0E39-5A48-46D0-A2D7-79C309E766A9}.Release|Any CPU.ActiveCfg = Release|Any CPU
		{4D3C0E39-5A48-46D0-A2D7-79C309E766A9}.Release|Any CPU.Build.0 = Release|Any CPU
		{4D3C0E39-5A48-46D0-A2D7-79C309E766A9}.Release|x64.ActiveCfg = Release|x64
		{4D3C0E39-5A48-46D0-A2D7-79C309E766A9}.Release|x64.Build.0 = Release|x64
		{4D3C0E39-5A48-46D0-A2D7-79C309E766A9}.SingleImage|Any CPU.ActiveCfg = Release|Any CPU
		{4D3C0E39-5A48-46D0-A2D7-79C309E766A9}.SingleImage|Any CPU.Build.0 = Release|Any CPU
		{4D3C0E39-5A48-46D0-A2D7-79C309E766A9}.SingleImage|x64.ActiveCfg = Debug|Any CPU
		{4D3C0E39-5A48-46D0-A2D7-79C309E766A9}.SingleImage|x64.Build.0 = Debug|Any CPU
		{65003A70-DEA3-4847-B053-3731D470DB72}.CD_ROM|Any CPU.ActiveCfg = Release|Any CPU
		{65003A70-DEA3-4847-B053-3731D470DB72}.CD_ROM|Any CPU.Build.0 = Release|Any CPU
		{65003A70-DEA3-4847-B053-3731D470DB72}.CD_ROM|x64.ActiveCfg = Release|x64
		{65003A70-DEA3-4847-B053-3731D470DB72}.CD_ROM|x64.Build.0 = Release|x64
		{65003A70-DEA3-4847-B053-3731D470DB72}.Debug|Any CPU.ActiveCfg = Debug|x64
		{65003A70-DEA3-4847-B053-3731D470DB72}.Debug|Any CPU.Build.0 = Debug|x64
		{65003A70-DEA3-4847-B053-3731D470DB72}.Debug|x64.ActiveCfg = Debug|x64
		{65003A70-DEA3-4847-B053-3731D470DB72}.Debug|x64.Build.0 = Debug|x64
		{65003A70-DEA3-4847-B053-3731D470DB72}.DVD-5|Any CPU.ActiveCfg = Debug|Any CPU
		{65003A70-DEA3-4847-B053-3731D470DB72}.DVD-5|Any CPU.Build.0 = Debug|Any CPU
		{65003A70-DEA3-4847-B053-3731D470DB72}.DVD-5|x64.ActiveCfg = Debug|x64
		{65003A70-DEA3-4847-B053-3731D470DB72}.DVD-5|x64.Build.0 = Debug|x64
		{65003A70-DEA3-4847-B053-3731D470DB72}.Release|Any CPU.ActiveCfg = Release|Any CPU
		{65003A70-DEA3-4847-B053-3731D470DB72}.Release|Any CPU.Build.0 = Release|Any CPU
		{65003A70-DEA3-4847-B053-3731D470DB72}.Release|x64.ActiveCfg = Release|x64
		{65003A70-DEA3-4847-B053-3731D470DB72}.Release|x64.Build.0 = Release|x64
		{65003A70-DEA3-4847-B053-3731D470DB72}.SingleImage|Any CPU.ActiveCfg = Release|Any CPU
		{65003A70-DEA3-4847-B053-3731D470DB72}.SingleImage|Any CPU.Build.0 = Release|Any CPU
		{65003A70-DEA3-4847-B053-3731D470DB72}.SingleImage|x64.ActiveCfg = Release|x64
		{65003A70-DEA3-4847-B053-3731D470DB72}.SingleImage|x64.Build.0 = Release|x64
		{DF46C56B-E3A3-4B3E-AD7C-7A4727C88A4A}.CD_ROM|Any CPU.ActiveCfg = Release|Any CPU
		{DF46C56B-E3A3-4B3E-AD7C-7A4727C88A4A}.CD_ROM|Any CPU.Build.0 = Release|Any CPU
		{DF46C56B-E3A3-4B3E-AD7C-7A4727C88A4A}.CD_ROM|x64.ActiveCfg = Release|Any CPU
		{DF46C56B-E3A3-4B3E-AD7C-7A4727C88A4A}.CD_ROM|x64.Build.0 = Release|Any CPU
		{DF46C56B-E3A3-4B3E-AD7C-7A4727C88A4A}.Debug|Any CPU.ActiveCfg = Debug|Any CPU
		{DF46C56B-E3A3-4B3E-AD7C-7A4727C88A4A}.Debug|Any CPU.Build.0 = Debug|Any CPU
		{DF46C56B-E3A3-4B3E-AD7C-7A4727C88A4A}.Debug|x64.ActiveCfg = Debug|x64
		{DF46C56B-E3A3-4B3E-AD7C-7A4727C88A4A}.Debug|x64.Build.0 = Debug|x64
		{DF46C56B-E3A3-4B3E-AD7C-7A4727C88A4A}.DVD-5|Any CPU.ActiveCfg = Debug|Any CPU
		{DF46C56B-E3A3-4B3E-AD7C-7A4727C88A4A}.DVD-5|Any CPU.Build.0 = Debug|Any CPU
		{DF46C56B-E3A3-4B3E-AD7C-7A4727C88A4A}.DVD-5|x64.ActiveCfg = Debug|Any CPU
		{DF46C56B-E3A3-4B3E-AD7C-7A4727C88A4A}.DVD-5|x64.Build.0 = Debug|Any CPU
		{DF46C56B-E3A3-4B3E-AD7C-7A4727C88A4A}.Release|Any CPU.ActiveCfg = Release|Any CPU
		{DF46C56B-E3A3-4B3E-AD7C-7A4727C88A4A}.Release|Any CPU.Build.0 = Release|Any CPU
		{DF46C56B-E3A3-4B3E-AD7C-7A4727C88A4A}.Release|x64.ActiveCfg = Release|x64
		{DF46C56B-E3A3-4B3E-AD7C-7A4727C88A4A}.Release|x64.Build.0 = Release|x64
		{DF46C56B-E3A3-4B3E-AD7C-7A4727C88A4A}.SingleImage|Any CPU.ActiveCfg = Release|Any CPU
		{DF46C56B-E3A3-4B3E-AD7C-7A4727C88A4A}.SingleImage|Any CPU.Build.0 = Release|Any CPU
		{DF46C56B-E3A3-4B3E-AD7C-7A4727C88A4A}.SingleImage|x64.ActiveCfg = Release|Any CPU
		{DF46C56B-E3A3-4B3E-AD7C-7A4727C88A4A}.SingleImage|x64.Build.0 = Release|Any CPU
		{AEDE3B49-1F0C-4DE4-9024-CE33F06A6838}.CD_ROM|Any CPU.ActiveCfg = Release|Any CPU
		{AEDE3B49-1F0C-4DE4-9024-CE33F06A6838}.CD_ROM|Any CPU.Build.0 = Release|Any CPU
		{AEDE3B49-1F0C-4DE4-9024-CE33F06A6838}.CD_ROM|x64.ActiveCfg = Release|Any CPU
		{AEDE3B49-1F0C-4DE4-9024-CE33F06A6838}.CD_ROM|x64.Build.0 = Release|Any CPU
		{AEDE3B49-1F0C-4DE4-9024-CE33F06A6838}.Debug|Any CPU.ActiveCfg = Debug|Any CPU
		{AEDE3B49-1F0C-4DE4-9024-CE33F06A6838}.Debug|Any CPU.Build.0 = Debug|Any CPU
		{AEDE3B49-1F0C-4DE4-9024-CE33F06A6838}.Debug|x64.ActiveCfg = Debug|x64
		{AEDE3B49-1F0C-4DE4-9024-CE33F06A6838}.Debug|x64.Build.0 = Debug|x64
		{AEDE3B49-1F0C-4DE4-9024-CE33F06A6838}.DVD-5|Any CPU.ActiveCfg = Debug|Any CPU
		{AEDE3B49-1F0C-4DE4-9024-CE33F06A6838}.DVD-5|Any CPU.Build.0 = Debug|Any CPU
		{AEDE3B49-1F0C-4DE4-9024-CE33F06A6838}.DVD-5|x64.ActiveCfg = Debug|Any CPU
		{AEDE3B49-1F0C-4DE4-9024-CE33F06A6838}.DVD-5|x64.Build.0 = Debug|Any CPU
		{AEDE3B49-1F0C-4DE4-9024-CE33F06A6838}.Release|Any CPU.ActiveCfg = Release|Any CPU
		{AEDE3B49-1F0C-4DE4-9024-CE33F06A6838}.Release|Any CPU.Build.0 = Release|Any CPU
		{AEDE3B49-1F0C-4DE4-9024-CE33F06A6838}.Release|x64.ActiveCfg = Release|Any CPU
		{AEDE3B49-1F0C-4DE4-9024-CE33F06A6838}.Release|x64.Build.0 = Release|Any CPU
		{AEDE3B49-1F0C-4DE4-9024-CE33F06A6838}.SingleImage|Any CPU.ActiveCfg = Release|Any CPU
		{AEDE3B49-1F0C-4DE4-9024-CE33F06A6838}.SingleImage|Any CPU.Build.0 = Release|Any CPU
		{AEDE3B49-1F0C-4DE4-9024-CE33F06A6838}.SingleImage|x64.ActiveCfg = Release|Any CPU
		{AEDE3B49-1F0C-4DE4-9024-CE33F06A6838}.SingleImage|x64.Build.0 = Release|Any CPU
	EndGlobalSection
	GlobalSection(SolutionProperties) = preSolution
		HideSolutionNode = FALSE
	EndGlobalSection
	GlobalSection(ExtensibilityGlobals) = postSolution
		SolutionGuid = {B2DFFEF4-46E1-4C2B-A491-697FA26C497A}
	EndGlobalSection
EndGlobal
